
Microsoft Visual Studio Solution File, Format Version 12.00
# Visual Studio 15
VisualStudioVersion = 15.0.27703.2035
MinimumVisualStudioVersion = 10.0.40219.1
Project("{FAE04EC0-301F-11D3-BF4B-00C04F79EFBC}") = "WEM.Host", "WEM.Host\WEM.Host.csproj", "{5035A530-9881-448F-B83F-FCE7202A345C}"
EndProject
Project("{2150E333-8FDC-42A3-9474-1A3956D46DE8}") = "Service", "Service", "{DB5D6F6D-6665-4877-843D-141532F5C6D1}"
EndProject
Project("{2150E333-8FDC-42A3-9474-1A3956D46DE8}") = "Business", "Business", "{286CD7B5-D898-4AF4-9191-147A749C751C}"
EndProject
Project("{2150E333-8FDC-42A3-9474-1A3956D46DE8}") = "Resource", "Resource", "{C3096F95-4273-4978-B038-2CB02FBD13AF}"
EndProject
Project("{FAE04EC0-301F-11D3-BF4B-00C04F79EFBC}") = "WEM.Contracts", "WEM.Contracts\WEM.Contracts.csproj", "{15B3E0D2-6217-493A-A690-158C497F5318}"
EndProject
Project("{FAE04EC0-301F-11D3-BF4B-00C04F79EFBC}") = "WEM.ServiceImplementation", "WEM.ServiceImplementation\WEM.ServiceImplementation.csproj", "{12DB9FBB-C867-4527-A63B-ABF9223B3325}"
EndProject
Project("{FAE04EC0-301F-11D3-BF4B-00C04F79EFBC}") = "WEM.DataEntity", "WEM.DataEntity\WEM.DataEntity.csproj", "{35984C47-4F54-466E-9563-00F36FC44EF4}"
EndProject
Project("{FAE04EC0-301F-11D3-BF4B-00C04F79EFBC}") = "WEM.DataAccess", "WEM.DataAccess\WEM.DataAccess.csproj", "{A4C3D44E-138F-466B-B065-41A8FEF9BDF0}"
EndProject
Project("{FAE04EC0-301F-11D3-BF4B-00C04F79EFBC}") = "WEM.IDataAccess", "WEM.IDataAccess\WEM.IDataAccess.csproj", "{EBD4AE9A-D6A4-4ED6-8CBA-7D97F6D4DE5D}"
EndProject
Project("{2150E333-8FDC-42A3-9474-1A3956D46DE8}") = "UnitTests", "UnitTests", "{528A0B3C-D4C2-457B-8CC5-F1E471D3E07D}"
EndProject
Project("{FAE04EC0-301F-11D3-BF4B-00C04F79EFBC}") = "WEM.UnitTests", "WEM.UnitTests\WEM.UnitTests.csproj", "{D3A0E4E1-B2FB-40A4-A5FA-331CA8C339C5}"
EndProject
Project("{FAE04EC0-301F-11D3-BF4B-00C04F79EFBC}") = "WEM.BusinessEntity", "WEM.BusinessEntity\WEM.BusinessEntity.csproj", "{D591549D-C86A-4923-89A6-FF7E94F70948}"
EndProject
Project("{FAE04EC0-301F-11D3-BF4B-00C04F79EFBC}") = "WEM.BusinessComponent", "WEM.BusinessComponent\WEM.BusinessComponent.csproj", "{B7A807F8-4589-4938-B4F9-A4665C6B026C}"
EndProject
Project("{2150E333-8FDC-42A3-9474-1A3956D46DE8}") = "Infrastructure", "Infrastructure", "{9922C88B-5EF8-4AD7-8748-300C3BA08BB7}"
EndProject
Project("{FAE04EC0-301F-11D3-BF4B-00C04F79EFBC}") = "Common", "Common\Common.csproj", "{9F024CE0-9CA5-49BF-9990-4FDD0397740D}"
EndProject
Project("{FAE04EC0-301F-11D3-BF4B-00C04F79EFBC}") = "ApplicationHttpModule", "ApplicationHttpModule\ApplicationHttpModule.csproj", "{C44FE652-B5DB-4B58-83F1-13C4178D9AF1}"
EndProject
Project("{FAE04EC0-301F-11D3-BF4B-00C04F79EFBC}") = "WEM.Scripts.Contracts", "WEM.Scripts.Contracts\WEM.Scripts.Contracts.csproj", "{7AF6D328-3F68-446B-9B9C-A455DB5163EB}"
EndProject
Project("{FAE04EC0-301F-11D3-BF4B-00C04F79EFBC}") = "WEM.Scripts.DataAccess", "WEM.Scripts.DataAccess\WEM.Scripts.DataAccess.csproj", "{AC672AD1-91D9-499D-BD72-A9CC7947CFFC}"
EndProject
Project("{2150E333-8FDC-42A3-9474-1A3956D46DE8}") = "Storage", "Storage", "{9BE2F08C-C899-4E36-85EE-6363E692707E}"
	ProjectSection(SolutionItems) = preProject
		Storage\web.config = Storage\web.config
	EndProjectSection
EndProject
Project("{2150E333-8FDC-42A3-9474-1A3956D46DE8}") = "bin", "bin", "{7D7FACCE-6CB0-4731-A22F-9322A1D259BB}"
	ProjectSection(SolutionItems) = preProject
		Storage\bin\AppDocModule.dll = Storage\bin\AppDocModule.dll
		Storage\bin\AppDocModule.pdb = Storage\bin\AppDocModule.pdb
		Storage\bin\Infosys.PPTWare.Infrastructure.Common.dll = Storage\bin\Infosys.PPTWare.Infrastructure.Common.dll
		Storage\bin\Infosys.PPTWare.Resource.DataAccess.dll = Storage\bin\Infosys.PPTWare.Resource.DataAccess.dll
		Storage\bin\Infosys.PPTWare.Resource.Entities.dll = Storage\bin\Infosys.PPTWare.Resource.Entities.dll
		Storage\bin\Infosys.PPTWare.Resource.IDataAccess.dll = Storage\bin\Infosys.PPTWare.Resource.IDataAccess.dll
		Storage\bin\Microsoft.Practices.EnterpriseLibrary.Common.dll = Storage\bin\Microsoft.Practices.EnterpriseLibrary.Common.dll
		Storage\bin\Microsoft.Practices.EnterpriseLibrary.Common.pdb = Storage\bin\Microsoft.Practices.EnterpriseLibrary.Common.pdb
		Storage\bin\Microsoft.Practices.EnterpriseLibrary.Data.dll = Storage\bin\Microsoft.Practices.EnterpriseLibrary.Data.dll
		Storage\bin\Microsoft.Practices.EnterpriseLibrary.Data.pdb = Storage\bin\Microsoft.Practices.EnterpriseLibrary.Data.pdb
		Storage\bin\Microsoft.Practices.EnterpriseLibrary.Logging.Database.dll = Storage\bin\Microsoft.Practices.EnterpriseLibrary.Logging.Database.dll
		Storage\bin\Microsoft.Practices.EnterpriseLibrary.Logging.Database.pdb = Storage\bin\Microsoft.Practices.EnterpriseLibrary.Logging.Database.pdb
		Storage\bin\Microsoft.Practices.EnterpriseLibrary.Logging.dll = Storage\bin\Microsoft.Practices.EnterpriseLibrary.Logging.dll
		Storage\bin\Microsoft.Practices.EnterpriseLibrary.Logging.pdb = Storage\bin\Microsoft.Practices.EnterpriseLibrary.Logging.pdb
		Storage\bin\Microsoft.Practices.ServiceLocation.dll = Storage\bin\Microsoft.Practices.ServiceLocation.dll
		Storage\bin\Microsoft.Practices.ServiceLocation.pdb = Storage\bin\Microsoft.Practices.ServiceLocation.pdb
		Storage\bin\Microsoft.Practices.Unity.dll = Storage\bin\Microsoft.Practices.Unity.dll
		Storage\bin\Microsoft.Practices.Unity.Interception.dll = Storage\bin\Microsoft.Practices.Unity.Interception.dll
		Storage\bin\Microsoft.Practices.Unity.Interception.pdb = Storage\bin\Microsoft.Practices.Unity.Interception.pdb
		Storage\bin\Microsoft.Practices.Unity.pdb = Storage\bin\Microsoft.Practices.Unity.pdb
	EndProjectSection
EndProject
Project("{2150E333-8FDC-42A3-9474-1A3956D46DE8}") = "References", "References", "{694DD4F3-2646-425E-B031-961D0A180779}"
	ProjectSection(SolutionItems) = preProject
		References\EntityFramework.dll = References\EntityFramework.dll
		References\EntityFramework.SqlServer.dll = References\EntityFramework.SqlServer.dll
		References\EntLibContrib.Data.MySql.dll = References\EntLibContrib.Data.MySql.dll
		References\Infosys.ATR.WinUIAutomationRuntimeWrapper.dll = References\Infosys.ATR.WinUIAutomationRuntimeWrapper.dll
		References\Infosys.Lif.IISDoc.dll = References\Infosys.Lif.IISDoc.dll
		References\Infosys.Lif.LegacyCommon.dll = References\Infosys.Lif.LegacyCommon.dll
		References\Infosys.Lif.LegacyIntegrator.dll = References\Infosys.Lif.LegacyIntegrator.dll
		References\Infosys.Lif.LegacyIntegratorService.dll = References\Infosys.Lif.LegacyIntegratorService.dll
		References\log4net.dll = References\log4net.dll
		References\Microsoft.Practices.EnterpriseLibrary.Common.dll = References\Microsoft.Practices.EnterpriseLibrary.Common.dll
		References\Microsoft.Practices.EnterpriseLibrary.Data.dll = References\Microsoft.Practices.EnterpriseLibrary.Data.dll
		References\Microsoft.Practices.EnterpriseLibrary.ExceptionHandling.dll = References\Microsoft.Practices.EnterpriseLibrary.ExceptionHandling.dll
		References\Microsoft.Practices.EnterpriseLibrary.ExceptionHandling.Logging.dll = References\Microsoft.Practices.EnterpriseLibrary.ExceptionHandling.Logging.dll
		References\Microsoft.Practices.EnterpriseLibrary.Logging.Database.dll = References\Microsoft.Practices.EnterpriseLibrary.Logging.Database.dll
		References\Microsoft.Practices.EnterpriseLibrary.Logging.dll = References\Microsoft.Practices.EnterpriseLibrary.Logging.dll
		References\Microsoft.Practices.EnterpriseLibrary.Validation.dll = References\Microsoft.Practices.EnterpriseLibrary.Validation.dll
		References\Microsoft.Practices.EnterpriseLibrary.Validation.Integration.WCF.dll = References\Microsoft.Practices.EnterpriseLibrary.Validation.Integration.WCF.dll
		References\Microsoft.Practices.ServiceLocation.dll = References\Microsoft.Practices.ServiceLocation.dll
		References\Microsoft.Practices.Unity.Configuration.dll = References\Microsoft.Practices.Unity.Configuration.dll
		References\Microsoft.Practices.Unity.dll = References\Microsoft.Practices.Unity.dll
		References\Microsoft.Practices.Unity.Interception.dll = References\Microsoft.Practices.Unity.Interception.dll
		References\MySql.Data.dll = References\MySql.Data.dll
		References\MySql.Data.Entity.EF6.dll = References\MySql.Data.Entity.EF6.dll
		References\WEM.Client.dll = References\WEM.Client.dll
	EndProjectSection
EndProject
Project("{FAE04EC0-301F-11D3-BF4B-00C04F79EFBC}") = "Compress_DeCompress", "Compress_DeCompress\Compress_DeCompress.csproj", "{CE5F9862-C058-44DE-998F-A510753DFCB5}"
EndProject
Project("{FAE04EC0-301F-11D3-BF4B-00C04F79EFBC}") = "WEM.SecurityAccess.Contracts", "WEM.SecurityAccess.Contracts\WEM.SecurityAccess.Contracts.csproj", "{971D53BD-3257-4189-B01E-D41E85868E36}"
EndProject
Project("{FAE04EC0-301F-11D3-BF4B-00C04F79EFBC}") = "WEM.Common.Contracts", "WEM.Common.Contracts\WEM.Common.Contracts.csproj", "{CFDE305A-82F1-41CF-86A8-530C2573DE72}"
EndProject
Project("{FAE04EC0-301F-11D3-BF4B-00C04F79EFBC}") = "WEM.Node.Contracts", "WEM.Node.Contracts\WEM.Node.Contracts.csproj", "{4E9738A8-E8B3-47DA-9BB9-122E6B81349A}"
EndProject
Project("{FAE04EC0-301F-11D3-BF4B-00C04F79EFBC}") = "TestLog4NetLogging", "TestLog4NetLogging\TestLog4NetLogging.csproj", "{223B4AB6-8BE8-4F5F-B20C-6B6A0093F1A4}"
EndProject
Project("{FAE04EC0-301F-11D3-BF4B-00C04F79EFBC}") = "TestCustomTraceListener", "TestCustomTraceListener\TestCustomTraceListener.csproj", "{B757CD44-EDF5-441D-8A0F-553796AB2F5D}"
EndProject
Project("{FAE04EC0-301F-11D3-BF4B-00C04F79EFBC}") = "SecurityCore", "SecurityCore\SecurityCore.csproj", "{65D1643F-C8C4-4635-9FB2-71F15B85A6A6}"
EndProject
Project("{FAE04EC0-301F-11D3-BF4B-00C04F79EFBC}") = "TestSecureHandler", "TestSecureHandler\TestSecureHandler.csproj", "{59090CE4-9F3B-44D5-8524-E4107E49F96E}"
EndProject
Project("{FAE04EC0-301F-11D3-BF4B-00C04F79EFBC}") = "WEM.Search.Contracts", "WEM.Search.Contracts\WEM.Search.Contracts.csproj", "{49C859D5-D9F8-4AD9-8F79-0D92C43447F0}"
EndProject
Project("{FAE04EC0-301F-11D3-BF4B-00C04F79EFBC}") = "WEM.Search.DataAccess", "WEM.Search.DataAccess\WEM.Search.DataAccess.csproj", "{02523E07-C86E-4D40-8F56-2078DD7D4A83}"
EndProject
Project("{FAE04EC0-301F-11D3-BF4B-00C04F79EFBC}") = "NiaRestClient", "NiaRestClient\NiaRestClient.csproj", "{BA2914A4-7855-423B-9A40-5E3F82CF876A}"
EndProject
Project("{FAE04EC0-301F-11D3-BF4B-00C04F79EFBC}") = "WEM.Export.Contracts", "WEM.Export.Contracts\WEM.Export.Contracts.csproj", "{EB9283A9-A9B9-4342-8155-96B4DA943EFA}"
EndProject
Project("{FAE04EC0-301F-11D3-BF4B-00C04F79EFBC}") = "WEM.Nia.Contracts", "WEM.Nia.Contracts\WEM.Nia.Contracts.csproj", "{0AE672ED-9FAC-41D5-9752-559F1CB76D91}"
EndProject
Project("{FAE04EC0-301F-11D3-BF4B-00C04F79EFBC}") = "WEM.Export.DataAccess", "WEM.Export.DataAccess\WEM.Export.DataAccess.csproj", "{8B9139B6-6C88-4395-A8A9-76DC9B486E8F}"
EndProject
Project("{FAE04EC0-301F-11D3-BF4B-00C04F79EFBC}") = "WEM.AutomationTracker.Contracts", "WEM.AutomationTracker.Contracts\WEM.AutomationTracker.Contracts.csproj", "{DE555DD7-86D7-4D26-AD70-3E4286549769}"
EndProject
Project("{FAE04EC0-301F-11D3-BF4B-00C04F79EFBC}") = "WEM.Observer.Contracts", "WEM.Observer.Contracts\WEM.Observer.Contracts.csproj", "{5D16269A-D0AB-45EC-B258-B70CD89E3778}"
EndProject
Project("{FAE04EC0-301F-11D3-BF4B-00C04F79EFBC}") = "WEM.Host.WindowsService", "WEM.Host.WindowsService\WEM.Host.WindowsService.csproj", "{C5A45929-C9EC-4F85-BCDD-637695654CBC}"
EndProject
Project("{FAE04EC0-301F-11D3-BF4B-00C04F79EFBC}") = "WEM.Host.ConsoleApp", "WEM.Host.ConsoleApp\WEM.Host.ConsoleApp.csproj", "{D6FEEA1B-213B-4D49-805C-AA4357CE34DA}"
EndProject
Global
	GlobalSection(SolutionConfigurationPlatforms) = preSolution
		Debug|Any CPU = Debug|Any CPU
		Debug|x64 = Debug|x64
		dev|Any CPU = dev|Any CPU
		dev|x64 = dev|x64
		prod|Any CPU = prod|Any CPU
		prod|x64 = prod|x64
		qa|Any CPU = qa|Any CPU
		qa|x64 = qa|x64
		Release|Any CPU = Release|Any CPU
		Release|x64 = Release|x64
	EndGlobalSection
	GlobalSection(ProjectConfigurationPlatforms) = postSolution
		{5035A530-9881-448F-B83F-FCE7202A345C}.Debug|Any CPU.ActiveCfg = Debug|Any CPU
		{5035A530-9881-448F-B83F-FCE7202A345C}.Debug|Any CPU.Build.0 = Debug|Any CPU
		{5035A530-9881-448F-B83F-FCE7202A345C}.Debug|x64.ActiveCfg = Debug|Any CPU
		{5035A530-9881-448F-B83F-FCE7202A345C}.dev|Any CPU.ActiveCfg = Debug|Any CPU
		{5035A530-9881-448F-B83F-FCE7202A345C}.dev|Any CPU.Build.0 = Debug|Any CPU
		{5035A530-9881-448F-B83F-FCE7202A345C}.dev|x64.ActiveCfg = Debug|Any CPU
		{5035A530-9881-448F-B83F-FCE7202A345C}.prod|Any CPU.ActiveCfg = Release|Any CPU
		{5035A530-9881-448F-B83F-FCE7202A345C}.prod|Any CPU.Build.0 = Release|Any CPU
		{5035A530-9881-448F-B83F-FCE7202A345C}.prod|x64.ActiveCfg = Release|Any CPU
		{5035A530-9881-448F-B83F-FCE7202A345C}.qa|Any CPU.ActiveCfg = Release|Any CPU
		{5035A530-9881-448F-B83F-FCE7202A345C}.qa|Any CPU.Build.0 = Release|Any CPU
		{5035A530-9881-448F-B83F-FCE7202A345C}.qa|x64.ActiveCfg = Release|Any CPU
		{5035A530-9881-448F-B83F-FCE7202A345C}.Release|Any CPU.ActiveCfg = Release|Any CPU
		{5035A530-9881-448F-B83F-FCE7202A345C}.Release|Any CPU.Build.0 = Release|Any CPU
		{5035A530-9881-448F-B83F-FCE7202A345C}.Release|x64.ActiveCfg = Release|Any CPU
		{15B3E0D2-6217-493A-A690-158C497F5318}.Debug|Any CPU.ActiveCfg = Debug|Any CPU
		{15B3E0D2-6217-493A-A690-158C497F5318}.Debug|Any CPU.Build.0 = Debug|Any CPU
		{15B3E0D2-6217-493A-A690-158C497F5318}.Debug|x64.ActiveCfg = Debug|Any CPU
		{15B3E0D2-6217-493A-A690-158C497F5318}.dev|Any CPU.ActiveCfg = Debug|Any CPU
		{15B3E0D2-6217-493A-A690-158C497F5318}.dev|Any CPU.Build.0 = Debug|Any CPU
		{15B3E0D2-6217-493A-A690-158C497F5318}.dev|x64.ActiveCfg = Debug|Any CPU
		{15B3E0D2-6217-493A-A690-158C497F5318}.prod|Any CPU.ActiveCfg = Release|Any CPU
		{15B3E0D2-6217-493A-A690-158C497F5318}.prod|Any CPU.Build.0 = Release|Any CPU
		{15B3E0D2-6217-493A-A690-158C497F5318}.prod|x64.ActiveCfg = Release|Any CPU
		{15B3E0D2-6217-493A-A690-158C497F5318}.qa|Any CPU.ActiveCfg = Release|Any CPU
		{15B3E0D2-6217-493A-A690-158C497F5318}.qa|Any CPU.Build.0 = Release|Any CPU
		{15B3E0D2-6217-493A-A690-158C497F5318}.qa|x64.ActiveCfg = Release|Any CPU
		{15B3E0D2-6217-493A-A690-158C497F5318}.Release|Any CPU.ActiveCfg = Release|Any CPU
		{15B3E0D2-6217-493A-A690-158C497F5318}.Release|Any CPU.Build.0 = Release|Any CPU
		{15B3E0D2-6217-493A-A690-158C497F5318}.Release|x64.ActiveCfg = Release|Any CPU
		{12DB9FBB-C867-4527-A63B-ABF9223B3325}.Debug|Any CPU.ActiveCfg = Debug|Any CPU
		{12DB9FBB-C867-4527-A63B-ABF9223B3325}.Debug|Any CPU.Build.0 = Debug|Any CPU
		{12DB9FBB-C867-4527-A63B-ABF9223B3325}.Debug|x64.ActiveCfg = Debug|Any CPU
		{12DB9FBB-C867-4527-A63B-ABF9223B3325}.dev|Any CPU.ActiveCfg = Debug|Any CPU
		{12DB9FBB-C867-4527-A63B-ABF9223B3325}.dev|Any CPU.Build.0 = Debug|Any CPU
		{12DB9FBB-C867-4527-A63B-ABF9223B3325}.dev|x64.ActiveCfg = Debug|Any CPU
		{12DB9FBB-C867-4527-A63B-ABF9223B3325}.prod|Any CPU.ActiveCfg = Release|Any CPU
		{12DB9FBB-C867-4527-A63B-ABF9223B3325}.prod|Any CPU.Build.0 = Release|Any CPU
		{12DB9FBB-C867-4527-A63B-ABF9223B3325}.prod|x64.ActiveCfg = Release|Any CPU
		{12DB9FBB-C867-4527-A63B-ABF9223B3325}.qa|Any CPU.ActiveCfg = Release|Any CPU
		{12DB9FBB-C867-4527-A63B-ABF9223B3325}.qa|Any CPU.Build.0 = Release|Any CPU
		{12DB9FBB-C867-4527-A63B-ABF9223B3325}.qa|x64.ActiveCfg = Release|Any CPU
		{12DB9FBB-C867-4527-A63B-ABF9223B3325}.Release|Any CPU.ActiveCfg = Release|Any CPU
		{12DB9FBB-C867-4527-A63B-ABF9223B3325}.Release|Any CPU.Build.0 = Release|Any CPU
		{12DB9FBB-C867-4527-A63B-ABF9223B3325}.Release|x64.ActiveCfg = Release|Any CPU
		{35984C47-4F54-466E-9563-00F36FC44EF4}.Debug|Any CPU.ActiveCfg = Debug|Any CPU
		{35984C47-4F54-466E-9563-00F36FC44EF4}.Debug|Any CPU.Build.0 = Debug|Any CPU
		{35984C47-4F54-466E-9563-00F36FC44EF4}.Debug|x64.ActiveCfg = Debug|Any CPU
		{35984C47-4F54-466E-9563-00F36FC44EF4}.dev|Any CPU.ActiveCfg = Debug|Any CPU
		{35984C47-4F54-466E-9563-00F36FC44EF4}.dev|Any CPU.Build.0 = Debug|Any CPU
		{35984C47-4F54-466E-9563-00F36FC44EF4}.dev|x64.ActiveCfg = Debug|Any CPU
		{35984C47-4F54-466E-9563-00F36FC44EF4}.prod|Any CPU.ActiveCfg = Release|Any CPU
		{35984C47-4F54-466E-9563-00F36FC44EF4}.prod|Any CPU.Build.0 = Release|Any CPU
		{35984C47-4F54-466E-9563-00F36FC44EF4}.prod|x64.ActiveCfg = Release|Any CPU
		{35984C47-4F54-466E-9563-00F36FC44EF4}.qa|Any CPU.ActiveCfg = Release|Any CPU
		{35984C47-4F54-466E-9563-00F36FC44EF4}.qa|Any CPU.Build.0 = Release|Any CPU
		{35984C47-4F54-466E-9563-00F36FC44EF4}.qa|x64.ActiveCfg = Release|Any CPU
		{35984C47-4F54-466E-9563-00F36FC44EF4}.Release|Any CPU.ActiveCfg = Release|Any CPU
		{35984C47-4F54-466E-9563-00F36FC44EF4}.Release|Any CPU.Build.0 = Release|Any CPU
		{35984C47-4F54-466E-9563-00F36FC44EF4}.Release|x64.ActiveCfg = Release|Any CPU
		{A4C3D44E-138F-466B-B065-41A8FEF9BDF0}.Debug|Any CPU.ActiveCfg = Debug|Any CPU
		{A4C3D44E-138F-466B-B065-41A8FEF9BDF0}.Debug|Any CPU.Build.0 = Debug|Any CPU
		{A4C3D44E-138F-466B-B065-41A8FEF9BDF0}.Debug|x64.ActiveCfg = Debug|Any CPU
		{A4C3D44E-138F-466B-B065-41A8FEF9BDF0}.dev|Any CPU.ActiveCfg = Debug|Any CPU
		{A4C3D44E-138F-466B-B065-41A8FEF9BDF0}.dev|Any CPU.Build.0 = Debug|Any CPU
		{A4C3D44E-138F-466B-B065-41A8FEF9BDF0}.dev|x64.ActiveCfg = Debug|Any CPU
		{A4C3D44E-138F-466B-B065-41A8FEF9BDF0}.prod|Any CPU.ActiveCfg = Release|Any CPU
		{A4C3D44E-138F-466B-B065-41A8FEF9BDF0}.prod|Any CPU.Build.0 = Release|Any CPU
		{A4C3D44E-138F-466B-B065-41A8FEF9BDF0}.prod|x64.ActiveCfg = Release|Any CPU
		{A4C3D44E-138F-466B-B065-41A8FEF9BDF0}.qa|Any CPU.ActiveCfg = Release|Any CPU
		{A4C3D44E-138F-466B-B065-41A8FEF9BDF0}.qa|Any CPU.Build.0 = Release|Any CPU
		{A4C3D44E-138F-466B-B065-41A8FEF9BDF0}.qa|x64.ActiveCfg = Release|Any CPU
		{A4C3D44E-138F-466B-B065-41A8FEF9BDF0}.Release|Any CPU.ActiveCfg = Release|Any CPU
		{A4C3D44E-138F-466B-B065-41A8FEF9BDF0}.Release|Any CPU.Build.0 = Release|Any CPU
		{A4C3D44E-138F-466B-B065-41A8FEF9BDF0}.Release|x64.ActiveCfg = Release|Any CPU
		{EBD4AE9A-D6A4-4ED6-8CBA-7D97F6D4DE5D}.Debug|Any CPU.ActiveCfg = Debug|Any CPU
		{EBD4AE9A-D6A4-4ED6-8CBA-7D97F6D4DE5D}.Debug|Any CPU.Build.0 = Debug|Any CPU
		{EBD4AE9A-D6A4-4ED6-8CBA-7D97F6D4DE5D}.Debug|x64.ActiveCfg = Debug|Any CPU
		{EBD4AE9A-D6A4-4ED6-8CBA-7D97F6D4DE5D}.dev|Any CPU.ActiveCfg = Debug|Any CPU
		{EBD4AE9A-D6A4-4ED6-8CBA-7D97F6D4DE5D}.dev|Any CPU.Build.0 = Debug|Any CPU
		{EBD4AE9A-D6A4-4ED6-8CBA-7D97F6D4DE5D}.dev|x64.ActiveCfg = Debug|Any CPU
		{EBD4AE9A-D6A4-4ED6-8CBA-7D97F6D4DE5D}.prod|Any CPU.ActiveCfg = Release|Any CPU
		{EBD4AE9A-D6A4-4ED6-8CBA-7D97F6D4DE5D}.prod|Any CPU.Build.0 = Release|Any CPU
		{EBD4AE9A-D6A4-4ED6-8CBA-7D97F6D4DE5D}.prod|x64.ActiveCfg = Release|Any CPU
		{EBD4AE9A-D6A4-4ED6-8CBA-7D97F6D4DE5D}.qa|Any CPU.ActiveCfg = Release|Any CPU
		{EBD4AE9A-D6A4-4ED6-8CBA-7D97F6D4DE5D}.qa|Any CPU.Build.0 = Release|Any CPU
		{EBD4AE9A-D6A4-4ED6-8CBA-7D97F6D4DE5D}.qa|x64.ActiveCfg = Release|Any CPU
		{EBD4AE9A-D6A4-4ED6-8CBA-7D97F6D4DE5D}.Release|Any CPU.ActiveCfg = Release|Any CPU
		{EBD4AE9A-D6A4-4ED6-8CBA-7D97F6D4DE5D}.Release|Any CPU.Build.0 = Release|Any CPU
		{EBD4AE9A-D6A4-4ED6-8CBA-7D97F6D4DE5D}.Release|x64.ActiveCfg = Release|Any CPU
		{D3A0E4E1-B2FB-40A4-A5FA-331CA8C339C5}.Debug|Any CPU.ActiveCfg = Debug|Any CPU
		{D3A0E4E1-B2FB-40A4-A5FA-331CA8C339C5}.Debug|x64.ActiveCfg = Debug|Any CPU
		{D3A0E4E1-B2FB-40A4-A5FA-331CA8C339C5}.dev|Any CPU.ActiveCfg = Debug|Any CPU
		{D3A0E4E1-B2FB-40A4-A5FA-331CA8C339C5}.dev|Any CPU.Build.0 = Debug|Any CPU
		{D3A0E4E1-B2FB-40A4-A5FA-331CA8C339C5}.dev|x64.ActiveCfg = Debug|Any CPU
		{D3A0E4E1-B2FB-40A4-A5FA-331CA8C339C5}.prod|Any CPU.ActiveCfg = Release|Any CPU
		{D3A0E4E1-B2FB-40A4-A5FA-331CA8C339C5}.prod|Any CPU.Build.0 = Release|Any CPU
		{D3A0E4E1-B2FB-40A4-A5FA-331CA8C339C5}.prod|x64.ActiveCfg = Release|Any CPU
		{D3A0E4E1-B2FB-40A4-A5FA-331CA8C339C5}.qa|Any CPU.ActiveCfg = Release|Any CPU
		{D3A0E4E1-B2FB-40A4-A5FA-331CA8C339C5}.qa|Any CPU.Build.0 = Release|Any CPU
		{D3A0E4E1-B2FB-40A4-A5FA-331CA8C339C5}.qa|x64.ActiveCfg = Release|Any CPU
		{D3A0E4E1-B2FB-40A4-A5FA-331CA8C339C5}.Release|Any CPU.ActiveCfg = Release|Any CPU
		{D3A0E4E1-B2FB-40A4-A5FA-331CA8C339C5}.Release|x64.ActiveCfg = Release|Any CPU
		{D591549D-C86A-4923-89A6-FF7E94F70948}.Debug|Any CPU.ActiveCfg = Debug|Any CPU
		{D591549D-C86A-4923-89A6-FF7E94F70948}.Debug|Any CPU.Build.0 = Debug|Any CPU
		{D591549D-C86A-4923-89A6-FF7E94F70948}.Debug|x64.ActiveCfg = Debug|Any CPU
		{D591549D-C86A-4923-89A6-FF7E94F70948}.dev|Any CPU.ActiveCfg = Debug|Any CPU
		{D591549D-C86A-4923-89A6-FF7E94F70948}.dev|Any CPU.Build.0 = Debug|Any CPU
		{D591549D-C86A-4923-89A6-FF7E94F70948}.dev|x64.ActiveCfg = Debug|Any CPU
		{D591549D-C86A-4923-89A6-FF7E94F70948}.prod|Any CPU.ActiveCfg = Release|Any CPU
		{D591549D-C86A-4923-89A6-FF7E94F70948}.prod|Any CPU.Build.0 = Release|Any CPU
		{D591549D-C86A-4923-89A6-FF7E94F70948}.prod|x64.ActiveCfg = Release|Any CPU
		{D591549D-C86A-4923-89A6-FF7E94F70948}.qa|Any CPU.ActiveCfg = Release|Any CPU
		{D591549D-C86A-4923-89A6-FF7E94F70948}.qa|Any CPU.Build.0 = Release|Any CPU
		{D591549D-C86A-4923-89A6-FF7E94F70948}.qa|x64.ActiveCfg = Release|Any CPU
		{D591549D-C86A-4923-89A6-FF7E94F70948}.Release|Any CPU.ActiveCfg = Release|Any CPU
		{D591549D-C86A-4923-89A6-FF7E94F70948}.Release|Any CPU.Build.0 = Release|Any CPU
		{D591549D-C86A-4923-89A6-FF7E94F70948}.Release|x64.ActiveCfg = Release|Any CPU
		{B7A807F8-4589-4938-B4F9-A4665C6B026C}.Debug|Any CPU.ActiveCfg = Debug|Any CPU
		{B7A807F8-4589-4938-B4F9-A4665C6B026C}.Debug|Any CPU.Build.0 = Debug|Any CPU
		{B7A807F8-4589-4938-B4F9-A4665C6B026C}.Debug|x64.ActiveCfg = Debug|Any CPU
		{B7A807F8-4589-4938-B4F9-A4665C6B026C}.dev|Any CPU.ActiveCfg = Debug|Any CPU
		{B7A807F8-4589-4938-B4F9-A4665C6B026C}.dev|Any CPU.Build.0 = Debug|Any CPU
		{B7A807F8-4589-4938-B4F9-A4665C6B026C}.dev|x64.ActiveCfg = Debug|Any CPU
		{B7A807F8-4589-4938-B4F9-A4665C6B026C}.prod|Any CPU.ActiveCfg = Release|Any CPU
		{B7A807F8-4589-4938-B4F9-A4665C6B026C}.prod|Any CPU.Build.0 = Release|Any CPU
		{B7A807F8-4589-4938-B4F9-A4665C6B026C}.prod|x64.ActiveCfg = Release|Any CPU
		{B7A807F8-4589-4938-B4F9-A4665C6B026C}.qa|Any CPU.ActiveCfg = Release|Any CPU
		{B7A807F8-4589-4938-B4F9-A4665C6B026C}.qa|Any CPU.Build.0 = Release|Any CPU
		{B7A807F8-4589-4938-B4F9-A4665C6B026C}.qa|x64.ActiveCfg = Release|Any CPU
		{B7A807F8-4589-4938-B4F9-A4665C6B026C}.Release|Any CPU.ActiveCfg = Release|Any CPU
		{B7A807F8-4589-4938-B4F9-A4665C6B026C}.Release|Any CPU.Build.0 = Release|Any CPU
		{B7A807F8-4589-4938-B4F9-A4665C6B026C}.Release|x64.ActiveCfg = Release|Any CPU
		{9F024CE0-9CA5-49BF-9990-4FDD0397740D}.Debug|Any CPU.ActiveCfg = Debug|Any CPU
		{9F024CE0-9CA5-49BF-9990-4FDD0397740D}.Debug|Any CPU.Build.0 = Debug|Any CPU
		{9F024CE0-9CA5-49BF-9990-4FDD0397740D}.Debug|x64.ActiveCfg = Debug|x64
		{9F024CE0-9CA5-49BF-9990-4FDD0397740D}.Debug|x64.Build.0 = Debug|x64
		{9F024CE0-9CA5-49BF-9990-4FDD0397740D}.dev|Any CPU.ActiveCfg = dev|Any CPU
		{9F024CE0-9CA5-49BF-9990-4FDD0397740D}.dev|Any CPU.Build.0 = dev|Any CPU
		{9F024CE0-9CA5-49BF-9990-4FDD0397740D}.dev|x64.ActiveCfg = dev|x64
		{9F024CE0-9CA5-49BF-9990-4FDD0397740D}.dev|x64.Build.0 = dev|x64
		{9F024CE0-9CA5-49BF-9990-4FDD0397740D}.prod|Any CPU.ActiveCfg = prod|Any CPU
		{9F024CE0-9CA5-49BF-9990-4FDD0397740D}.prod|Any CPU.Build.0 = prod|Any CPU
		{9F024CE0-9CA5-49BF-9990-4FDD0397740D}.prod|x64.ActiveCfg = prod|x64
		{9F024CE0-9CA5-49BF-9990-4FDD0397740D}.prod|x64.Build.0 = prod|x64
		{9F024CE0-9CA5-49BF-9990-4FDD0397740D}.qa|Any CPU.ActiveCfg = qa|Any CPU
		{9F024CE0-9CA5-49BF-9990-4FDD0397740D}.qa|Any CPU.Build.0 = qa|Any CPU
		{9F024CE0-9CA5-49BF-9990-4FDD0397740D}.qa|x64.ActiveCfg = qa|x64
		{9F024CE0-9CA5-49BF-9990-4FDD0397740D}.qa|x64.Build.0 = qa|x64
		{9F024CE0-9CA5-49BF-9990-4FDD0397740D}.Release|Any CPU.ActiveCfg = Release|Any CPU
		{9F024CE0-9CA5-49BF-9990-4FDD0397740D}.Release|Any CPU.Build.0 = Release|Any CPU
		{9F024CE0-9CA5-49BF-9990-4FDD0397740D}.Release|x64.ActiveCfg = Release|x64
		{9F024CE0-9CA5-49BF-9990-4FDD0397740D}.Release|x64.Build.0 = Release|x64
		{C44FE652-B5DB-4B58-83F1-13C4178D9AF1}.Debug|Any CPU.ActiveCfg = Debug|Any CPU
		{C44FE652-B5DB-4B58-83F1-13C4178D9AF1}.Debug|Any CPU.Build.0 = Debug|Any CPU
		{C44FE652-B5DB-4B58-83F1-13C4178D9AF1}.Debug|x64.ActiveCfg = Debug|x64
		{C44FE652-B5DB-4B58-83F1-13C4178D9AF1}.Debug|x64.Build.0 = Debug|x64
		{C44FE652-B5DB-4B58-83F1-13C4178D9AF1}.dev|Any CPU.ActiveCfg = dev|Any CPU
		{C44FE652-B5DB-4B58-83F1-13C4178D9AF1}.dev|Any CPU.Build.0 = dev|Any CPU
		{C44FE652-B5DB-4B58-83F1-13C4178D9AF1}.dev|x64.ActiveCfg = dev|x64
		{C44FE652-B5DB-4B58-83F1-13C4178D9AF1}.dev|x64.Build.0 = dev|x64
		{C44FE652-B5DB-4B58-83F1-13C4178D9AF1}.prod|Any CPU.ActiveCfg = prod|Any CPU
		{C44FE652-B5DB-4B58-83F1-13C4178D9AF1}.prod|Any CPU.Build.0 = prod|Any CPU
		{C44FE652-B5DB-4B58-83F1-13C4178D9AF1}.prod|x64.ActiveCfg = prod|x64
		{C44FE652-B5DB-4B58-83F1-13C4178D9AF1}.prod|x64.Build.0 = prod|x64
		{C44FE652-B5DB-4B58-83F1-13C4178D9AF1}.qa|Any CPU.ActiveCfg = qa|Any CPU
		{C44FE652-B5DB-4B58-83F1-13C4178D9AF1}.qa|Any CPU.Build.0 = qa|Any CPU
		{C44FE652-B5DB-4B58-83F1-13C4178D9AF1}.qa|x64.ActiveCfg = qa|x64
		{C44FE652-B5DB-4B58-83F1-13C4178D9AF1}.qa|x64.Build.0 = qa|x64
		{C44FE652-B5DB-4B58-83F1-13C4178D9AF1}.Release|Any CPU.ActiveCfg = Release|Any CPU
		{C44FE652-B5DB-4B58-83F1-13C4178D9AF1}.Release|Any CPU.Build.0 = Release|Any CPU
		{C44FE652-B5DB-4B58-83F1-13C4178D9AF1}.Release|x64.ActiveCfg = Release|x64
		{C44FE652-B5DB-4B58-83F1-13C4178D9AF1}.Release|x64.Build.0 = Release|x64
		{7AF6D328-3F68-446B-9B9C-A455DB5163EB}.Debug|Any CPU.ActiveCfg = Debug|Any CPU
		{7AF6D328-3F68-446B-9B9C-A455DB5163EB}.Debug|Any CPU.Build.0 = Debug|Any CPU
		{7AF6D328-3F68-446B-9B9C-A455DB5163EB}.Debug|x64.ActiveCfg = Debug|Any CPU
		{7AF6D328-3F68-446B-9B9C-A455DB5163EB}.dev|Any CPU.ActiveCfg = Debug|Any CPU
		{7AF6D328-3F68-446B-9B9C-A455DB5163EB}.dev|Any CPU.Build.0 = Debug|Any CPU
		{7AF6D328-3F68-446B-9B9C-A455DB5163EB}.dev|x64.ActiveCfg = Debug|Any CPU
		{7AF6D328-3F68-446B-9B9C-A455DB5163EB}.prod|Any CPU.ActiveCfg = Release|Any CPU
		{7AF6D328-3F68-446B-9B9C-A455DB5163EB}.prod|Any CPU.Build.0 = Release|Any CPU
		{7AF6D328-3F68-446B-9B9C-A455DB5163EB}.prod|x64.ActiveCfg = Release|Any CPU
		{7AF6D328-3F68-446B-9B9C-A455DB5163EB}.qa|Any CPU.ActiveCfg = Release|Any CPU
		{7AF6D328-3F68-446B-9B9C-A455DB5163EB}.qa|Any CPU.Build.0 = Release|Any CPU
		{7AF6D328-3F68-446B-9B9C-A455DB5163EB}.qa|x64.ActiveCfg = Release|Any CPU
		{7AF6D328-3F68-446B-9B9C-A455DB5163EB}.Release|Any CPU.ActiveCfg = Release|Any CPU
		{7AF6D328-3F68-446B-9B9C-A455DB5163EB}.Release|Any CPU.Build.0 = Release|Any CPU
		{7AF6D328-3F68-446B-9B9C-A455DB5163EB}.Release|x64.ActiveCfg = Release|Any CPU
		{AC672AD1-91D9-499D-BD72-A9CC7947CFFC}.Debug|Any CPU.ActiveCfg = Debug|Any CPU
		{AC672AD1-91D9-499D-BD72-A9CC7947CFFC}.Debug|Any CPU.Build.0 = Debug|Any CPU
		{AC672AD1-91D9-499D-BD72-A9CC7947CFFC}.Debug|x64.ActiveCfg = Debug|Any CPU
		{AC672AD1-91D9-499D-BD72-A9CC7947CFFC}.dev|Any CPU.ActiveCfg = Debug|Any CPU
		{AC672AD1-91D9-499D-BD72-A9CC7947CFFC}.dev|Any CPU.Build.0 = Debug|Any CPU
		{AC672AD1-91D9-499D-BD72-A9CC7947CFFC}.dev|x64.ActiveCfg = Debug|Any CPU
		{AC672AD1-91D9-499D-BD72-A9CC7947CFFC}.prod|Any CPU.ActiveCfg = Release|Any CPU
		{AC672AD1-91D9-499D-BD72-A9CC7947CFFC}.prod|Any CPU.Build.0 = Release|Any CPU
		{AC672AD1-91D9-499D-BD72-A9CC7947CFFC}.prod|x64.ActiveCfg = Release|Any CPU
		{AC672AD1-91D9-499D-BD72-A9CC7947CFFC}.qa|Any CPU.ActiveCfg = Release|Any CPU
		{AC672AD1-91D9-499D-BD72-A9CC7947CFFC}.qa|Any CPU.Build.0 = Release|Any CPU
		{AC672AD1-91D9-499D-BD72-A9CC7947CFFC}.qa|x64.ActiveCfg = Release|Any CPU
		{AC672AD1-91D9-499D-BD72-A9CC7947CFFC}.Release|Any CPU.ActiveCfg = Release|Any CPU
		{AC672AD1-91D9-499D-BD72-A9CC7947CFFC}.Release|Any CPU.Build.0 = Release|Any CPU
		{AC672AD1-91D9-499D-BD72-A9CC7947CFFC}.Release|x64.ActiveCfg = Release|Any CPU
		{CE5F9862-C058-44DE-998F-A510753DFCB5}.Debug|Any CPU.ActiveCfg = Debug|Any CPU
		{CE5F9862-C058-44DE-998F-A510753DFCB5}.Debug|Any CPU.Build.0 = Debug|Any CPU
		{CE5F9862-C058-44DE-998F-A510753DFCB5}.Debug|x64.ActiveCfg = Debug|Any CPU
		{CE5F9862-C058-44DE-998F-A510753DFCB5}.dev|Any CPU.ActiveCfg = Debug|Any CPU
		{CE5F9862-C058-44DE-998F-A510753DFCB5}.dev|Any CPU.Build.0 = Debug|Any CPU
		{CE5F9862-C058-44DE-998F-A510753DFCB5}.dev|x64.ActiveCfg = Debug|Any CPU
		{CE5F9862-C058-44DE-998F-A510753DFCB5}.prod|Any CPU.ActiveCfg = Release|Any CPU
		{CE5F9862-C058-44DE-998F-A510753DFCB5}.prod|Any CPU.Build.0 = Release|Any CPU
		{CE5F9862-C058-44DE-998F-A510753DFCB5}.prod|x64.ActiveCfg = Release|Any CPU
		{CE5F9862-C058-44DE-998F-A510753DFCB5}.qa|Any CPU.ActiveCfg = Release|Any CPU
		{CE5F9862-C058-44DE-998F-A510753DFCB5}.qa|Any CPU.Build.0 = Release|Any CPU
		{CE5F9862-C058-44DE-998F-A510753DFCB5}.qa|x64.ActiveCfg = Release|Any CPU
		{CE5F9862-C058-44DE-998F-A510753DFCB5}.Release|Any CPU.ActiveCfg = Release|Any CPU
		{CE5F9862-C058-44DE-998F-A510753DFCB5}.Release|Any CPU.Build.0 = Release|Any CPU
		{CE5F9862-C058-44DE-998F-A510753DFCB5}.Release|x64.ActiveCfg = Release|Any CPU
		{971D53BD-3257-4189-B01E-D41E85868E36}.Debug|Any CPU.ActiveCfg = Debug|Any CPU
		{971D53BD-3257-4189-B01E-D41E85868E36}.Debug|Any CPU.Build.0 = Debug|Any CPU
		{971D53BD-3257-4189-B01E-D41E85868E36}.Debug|x64.ActiveCfg = Debug|Any CPU
		{971D53BD-3257-4189-B01E-D41E85868E36}.dev|Any CPU.ActiveCfg = Debug|Any CPU
		{971D53BD-3257-4189-B01E-D41E85868E36}.dev|Any CPU.Build.0 = Debug|Any CPU
		{971D53BD-3257-4189-B01E-D41E85868E36}.dev|x64.ActiveCfg = Debug|Any CPU
		{971D53BD-3257-4189-B01E-D41E85868E36}.prod|Any CPU.ActiveCfg = Release|Any CPU
		{971D53BD-3257-4189-B01E-D41E85868E36}.prod|Any CPU.Build.0 = Release|Any CPU
		{971D53BD-3257-4189-B01E-D41E85868E36}.prod|x64.ActiveCfg = Release|Any CPU
		{971D53BD-3257-4189-B01E-D41E85868E36}.qa|Any CPU.ActiveCfg = Release|Any CPU
		{971D53BD-3257-4189-B01E-D41E85868E36}.qa|Any CPU.Build.0 = Release|Any CPU
		{971D53BD-3257-4189-B01E-D41E85868E36}.qa|x64.ActiveCfg = Release|Any CPU
		{971D53BD-3257-4189-B01E-D41E85868E36}.Release|Any CPU.ActiveCfg = Release|Any CPU
		{971D53BD-3257-4189-B01E-D41E85868E36}.Release|Any CPU.Build.0 = Release|Any CPU
		{971D53BD-3257-4189-B01E-D41E85868E36}.Release|x64.ActiveCfg = Release|Any CPU
		{CFDE305A-82F1-41CF-86A8-530C2573DE72}.Debug|Any CPU.ActiveCfg = Debug|Any CPU
		{CFDE305A-82F1-41CF-86A8-530C2573DE72}.Debug|Any CPU.Build.0 = Debug|Any CPU
		{CFDE305A-82F1-41CF-86A8-530C2573DE72}.Debug|x64.ActiveCfg = Debug|Any CPU
		{CFDE305A-82F1-41CF-86A8-530C2573DE72}.dev|Any CPU.ActiveCfg = Debug|Any CPU
		{CFDE305A-82F1-41CF-86A8-530C2573DE72}.dev|Any CPU.Build.0 = Debug|Any CPU
		{CFDE305A-82F1-41CF-86A8-530C2573DE72}.dev|x64.ActiveCfg = Debug|Any CPU
		{CFDE305A-82F1-41CF-86A8-530C2573DE72}.prod|Any CPU.ActiveCfg = Release|Any CPU
		{CFDE305A-82F1-41CF-86A8-530C2573DE72}.prod|Any CPU.Build.0 = Release|Any CPU
		{CFDE305A-82F1-41CF-86A8-530C2573DE72}.prod|x64.ActiveCfg = Release|Any CPU
		{CFDE305A-82F1-41CF-86A8-530C2573DE72}.qa|Any CPU.ActiveCfg = Release|Any CPU
		{CFDE305A-82F1-41CF-86A8-530C2573DE72}.qa|Any CPU.Build.0 = Release|Any CPU
		{CFDE305A-82F1-41CF-86A8-530C2573DE72}.qa|x64.ActiveCfg = Release|Any CPU
		{CFDE305A-82F1-41CF-86A8-530C2573DE72}.Release|Any CPU.ActiveCfg = Release|Any CPU
		{CFDE305A-82F1-41CF-86A8-530C2573DE72}.Release|Any CPU.Build.0 = Release|Any CPU
		{CFDE305A-82F1-41CF-86A8-530C2573DE72}.Release|x64.ActiveCfg = Release|Any CPU
		{4E9738A8-E8B3-47DA-9BB9-122E6B81349A}.Debug|Any CPU.ActiveCfg = Debug|Any CPU
		{4E9738A8-E8B3-47DA-9BB9-122E6B81349A}.Debug|Any CPU.Build.0 = Debug|Any CPU
		{4E9738A8-E8B3-47DA-9BB9-122E6B81349A}.Debug|x64.ActiveCfg = Debug|Any CPU
		{4E9738A8-E8B3-47DA-9BB9-122E6B81349A}.dev|Any CPU.ActiveCfg = Debug|Any CPU
		{4E9738A8-E8B3-47DA-9BB9-122E6B81349A}.dev|Any CPU.Build.0 = Debug|Any CPU
		{4E9738A8-E8B3-47DA-9BB9-122E6B81349A}.dev|x64.ActiveCfg = Debug|Any CPU
		{4E9738A8-E8B3-47DA-9BB9-122E6B81349A}.prod|Any CPU.ActiveCfg = Release|Any CPU
		{4E9738A8-E8B3-47DA-9BB9-122E6B81349A}.prod|Any CPU.Build.0 = Release|Any CPU
		{4E9738A8-E8B3-47DA-9BB9-122E6B81349A}.prod|x64.ActiveCfg = Release|Any CPU
		{4E9738A8-E8B3-47DA-9BB9-122E6B81349A}.qa|Any CPU.ActiveCfg = Release|Any CPU
		{4E9738A8-E8B3-47DA-9BB9-122E6B81349A}.qa|Any CPU.Build.0 = Release|Any CPU
		{4E9738A8-E8B3-47DA-9BB9-122E6B81349A}.qa|x64.ActiveCfg = Release|Any CPU
		{4E9738A8-E8B3-47DA-9BB9-122E6B81349A}.Release|Any CPU.ActiveCfg = Release|Any CPU
		{4E9738A8-E8B3-47DA-9BB9-122E6B81349A}.Release|Any CPU.Build.0 = Release|Any CPU
		{4E9738A8-E8B3-47DA-9BB9-122E6B81349A}.Release|x64.ActiveCfg = Release|Any CPU
		{223B4AB6-8BE8-4F5F-B20C-6B6A0093F1A4}.Debug|Any CPU.ActiveCfg = Debug|Any CPU
		{223B4AB6-8BE8-4F5F-B20C-6B6A0093F1A4}.Debug|x64.ActiveCfg = Debug|Any CPU
		{223B4AB6-8BE8-4F5F-B20C-6B6A0093F1A4}.dev|Any CPU.ActiveCfg = Debug|Any CPU
		{223B4AB6-8BE8-4F5F-B20C-6B6A0093F1A4}.dev|Any CPU.Build.0 = Debug|Any CPU
		{223B4AB6-8BE8-4F5F-B20C-6B6A0093F1A4}.dev|x64.ActiveCfg = Debug|Any CPU
		{223B4AB6-8BE8-4F5F-B20C-6B6A0093F1A4}.prod|Any CPU.ActiveCfg = Release|Any CPU
		{223B4AB6-8BE8-4F5F-B20C-6B6A0093F1A4}.prod|Any CPU.Build.0 = Release|Any CPU
		{223B4AB6-8BE8-4F5F-B20C-6B6A0093F1A4}.prod|x64.ActiveCfg = Release|Any CPU
		{223B4AB6-8BE8-4F5F-B20C-6B6A0093F1A4}.qa|Any CPU.ActiveCfg = Release|Any CPU
		{223B4AB6-8BE8-4F5F-B20C-6B6A0093F1A4}.qa|Any CPU.Build.0 = Release|Any CPU
		{223B4AB6-8BE8-4F5F-B20C-6B6A0093F1A4}.qa|x64.ActiveCfg = Release|Any CPU
		{223B4AB6-8BE8-4F5F-B20C-6B6A0093F1A4}.Release|Any CPU.ActiveCfg = Release|Any CPU
		{223B4AB6-8BE8-4F5F-B20C-6B6A0093F1A4}.Release|x64.ActiveCfg = Release|Any CPU
		{B757CD44-EDF5-441D-8A0F-553796AB2F5D}.Debug|Any CPU.ActiveCfg = Debug|Any CPU
		{B757CD44-EDF5-441D-8A0F-553796AB2F5D}.Debug|x64.ActiveCfg = Debug|Any CPU
		{B757CD44-EDF5-441D-8A0F-553796AB2F5D}.dev|Any CPU.ActiveCfg = Debug|Any CPU
		{B757CD44-EDF5-441D-8A0F-553796AB2F5D}.dev|Any CPU.Build.0 = Debug|Any CPU
		{B757CD44-EDF5-441D-8A0F-553796AB2F5D}.dev|x64.ActiveCfg = Debug|Any CPU
		{B757CD44-EDF5-441D-8A0F-553796AB2F5D}.prod|Any CPU.ActiveCfg = Release|Any CPU
		{B757CD44-EDF5-441D-8A0F-553796AB2F5D}.prod|Any CPU.Build.0 = Release|Any CPU
		{B757CD44-EDF5-441D-8A0F-553796AB2F5D}.prod|x64.ActiveCfg = Release|Any CPU
		{B757CD44-EDF5-441D-8A0F-553796AB2F5D}.qa|Any CPU.ActiveCfg = Release|Any CPU
		{B757CD44-EDF5-441D-8A0F-553796AB2F5D}.qa|Any CPU.Build.0 = Release|Any CPU
		{B757CD44-EDF5-441D-8A0F-553796AB2F5D}.qa|x64.ActiveCfg = Release|Any CPU
		{B757CD44-EDF5-441D-8A0F-553796AB2F5D}.Release|Any CPU.ActiveCfg = Release|Any CPU
		{B757CD44-EDF5-441D-8A0F-553796AB2F5D}.Release|x64.ActiveCfg = Release|Any CPU
		{65D1643F-C8C4-4635-9FB2-71F15B85A6A6}.Debug|Any CPU.ActiveCfg = Debug|Any CPU
		{65D1643F-C8C4-4635-9FB2-71F15B85A6A6}.Debug|Any CPU.Build.0 = Debug|Any CPU
		{65D1643F-C8C4-4635-9FB2-71F15B85A6A6}.Debug|x64.ActiveCfg = Debug|x64
		{65D1643F-C8C4-4635-9FB2-71F15B85A6A6}.Debug|x64.Build.0 = Debug|x64
		{65D1643F-C8C4-4635-9FB2-71F15B85A6A6}.dev|Any CPU.ActiveCfg = dev|Any CPU
		{65D1643F-C8C4-4635-9FB2-71F15B85A6A6}.dev|Any CPU.Build.0 = dev|Any CPU
		{65D1643F-C8C4-4635-9FB2-71F15B85A6A6}.dev|x64.ActiveCfg = dev|x64
		{65D1643F-C8C4-4635-9FB2-71F15B85A6A6}.dev|x64.Build.0 = dev|x64
		{65D1643F-C8C4-4635-9FB2-71F15B85A6A6}.prod|Any CPU.ActiveCfg = prod|Any CPU
		{65D1643F-C8C4-4635-9FB2-71F15B85A6A6}.prod|Any CPU.Build.0 = prod|Any CPU
		{65D1643F-C8C4-4635-9FB2-71F15B85A6A6}.prod|x64.ActiveCfg = prod|x64
		{65D1643F-C8C4-4635-9FB2-71F15B85A6A6}.prod|x64.Build.0 = prod|x64
		{65D1643F-C8C4-4635-9FB2-71F15B85A6A6}.qa|Any CPU.ActiveCfg = qa|Any CPU
		{65D1643F-C8C4-4635-9FB2-71F15B85A6A6}.qa|Any CPU.Build.0 = qa|Any CPU
		{65D1643F-C8C4-4635-9FB2-71F15B85A6A6}.qa|x64.ActiveCfg = qa|x64
		{65D1643F-C8C4-4635-9FB2-71F15B85A6A6}.qa|x64.Build.0 = qa|x64
		{65D1643F-C8C4-4635-9FB2-71F15B85A6A6}.Release|Any CPU.ActiveCfg = Release|Any CPU
		{65D1643F-C8C4-4635-9FB2-71F15B85A6A6}.Release|Any CPU.Build.0 = Release|Any CPU
		{65D1643F-C8C4-4635-9FB2-71F15B85A6A6}.Release|x64.ActiveCfg = Release|x64
		{65D1643F-C8C4-4635-9FB2-71F15B85A6A6}.Release|x64.Build.0 = Release|x64
		{59090CE4-9F3B-44D5-8524-E4107E49F96E}.Debug|Any CPU.ActiveCfg = Debug|Any CPU
		{59090CE4-9F3B-44D5-8524-E4107E49F96E}.Debug|x64.ActiveCfg = Debug|Any CPU
		{59090CE4-9F3B-44D5-8524-E4107E49F96E}.dev|Any CPU.ActiveCfg = Debug|Any CPU
		{59090CE4-9F3B-44D5-8524-E4107E49F96E}.dev|Any CPU.Build.0 = Debug|Any CPU
		{59090CE4-9F3B-44D5-8524-E4107E49F96E}.dev|x64.ActiveCfg = Debug|Any CPU
		{59090CE4-9F3B-44D5-8524-E4107E49F96E}.prod|Any CPU.ActiveCfg = Release|Any CPU
		{59090CE4-9F3B-44D5-8524-E4107E49F96E}.prod|Any CPU.Build.0 = Release|Any CPU
		{59090CE4-9F3B-44D5-8524-E4107E49F96E}.prod|x64.ActiveCfg = Release|Any CPU
		{59090CE4-9F3B-44D5-8524-E4107E49F96E}.qa|Any CPU.ActiveCfg = Release|Any CPU
		{59090CE4-9F3B-44D5-8524-E4107E49F96E}.qa|Any CPU.Build.0 = Release|Any CPU
		{59090CE4-9F3B-44D5-8524-E4107E49F96E}.qa|x64.ActiveCfg = Release|Any CPU
		{59090CE4-9F3B-44D5-8524-E4107E49F96E}.Release|Any CPU.ActiveCfg = Release|Any CPU
		{59090CE4-9F3B-44D5-8524-E4107E49F96E}.Release|Any CPU.Build.0 = Release|Any CPU
		{59090CE4-9F3B-44D5-8524-E4107E49F96E}.Release|x64.ActiveCfg = Release|Any CPU
		{49C859D5-D9F8-4AD9-8F79-0D92C43447F0}.Debug|Any CPU.ActiveCfg = Debug|Any CPU
		{49C859D5-D9F8-4AD9-8F79-0D92C43447F0}.Debug|Any CPU.Build.0 = Debug|Any CPU
		{49C859D5-D9F8-4AD9-8F79-0D92C43447F0}.Debug|x64.ActiveCfg = Debug|Any CPU
		{49C859D5-D9F8-4AD9-8F79-0D92C43447F0}.dev|Any CPU.ActiveCfg = Debug|Any CPU
		{49C859D5-D9F8-4AD9-8F79-0D92C43447F0}.dev|Any CPU.Build.0 = Debug|Any CPU
		{49C859D5-D9F8-4AD9-8F79-0D92C43447F0}.dev|x64.ActiveCfg = Debug|Any CPU
		{49C859D5-D9F8-4AD9-8F79-0D92C43447F0}.prod|Any CPU.ActiveCfg = Release|Any CPU
		{49C859D5-D9F8-4AD9-8F79-0D92C43447F0}.prod|Any CPU.Build.0 = Release|Any CPU
		{49C859D5-D9F8-4AD9-8F79-0D92C43447F0}.prod|x64.ActiveCfg = Release|Any CPU
		{49C859D5-D9F8-4AD9-8F79-0D92C43447F0}.qa|Any CPU.ActiveCfg = Release|Any CPU
		{49C859D5-D9F8-4AD9-8F79-0D92C43447F0}.qa|Any CPU.Build.0 = Release|Any CPU
		{49C859D5-D9F8-4AD9-8F79-0D92C43447F0}.qa|x64.ActiveCfg = Release|Any CPU
		{49C859D5-D9F8-4AD9-8F79-0D92C43447F0}.Release|Any CPU.ActiveCfg = Release|Any CPU
		{49C859D5-D9F8-4AD9-8F79-0D92C43447F0}.Release|Any CPU.Build.0 = Release|Any CPU
		{49C859D5-D9F8-4AD9-8F79-0D92C43447F0}.Release|x64.ActiveCfg = Release|Any CPU
		{02523E07-C86E-4D40-8F56-2078DD7D4A83}.Debug|Any CPU.ActiveCfg = Debug|Any CPU
		{02523E07-C86E-4D40-8F56-2078DD7D4A83}.Debug|Any CPU.Build.0 = Debug|Any CPU
		{02523E07-C86E-4D40-8F56-2078DD7D4A83}.Debug|x64.ActiveCfg = Debug|Any CPU
		{02523E07-C86E-4D40-8F56-2078DD7D4A83}.dev|Any CPU.ActiveCfg = Debug|Any CPU
		{02523E07-C86E-4D40-8F56-2078DD7D4A83}.dev|Any CPU.Build.0 = Debug|Any CPU
		{02523E07-C86E-4D40-8F56-2078DD7D4A83}.dev|x64.ActiveCfg = Debug|Any CPU
		{02523E07-C86E-4D40-8F56-2078DD7D4A83}.prod|Any CPU.ActiveCfg = Release|Any CPU
		{02523E07-C86E-4D40-8F56-2078DD7D4A83}.prod|Any CPU.Build.0 = Release|Any CPU
		{02523E07-C86E-4D40-8F56-2078DD7D4A83}.prod|x64.ActiveCfg = Release|Any CPU
		{02523E07-C86E-4D40-8F56-2078DD7D4A83}.qa|Any CPU.ActiveCfg = Release|Any CPU
		{02523E07-C86E-4D40-8F56-2078DD7D4A83}.qa|Any CPU.Build.0 = Release|Any CPU
		{02523E07-C86E-4D40-8F56-2078DD7D4A83}.qa|x64.ActiveCfg = Release|Any CPU
		{02523E07-C86E-4D40-8F56-2078DD7D4A83}.Release|Any CPU.ActiveCfg = Release|Any CPU
		{02523E07-C86E-4D40-8F56-2078DD7D4A83}.Release|Any CPU.Build.0 = Release|Any CPU
		{02523E07-C86E-4D40-8F56-2078DD7D4A83}.Release|x64.ActiveCfg = Release|Any CPU
		{BA2914A4-7855-423B-9A40-5E3F82CF876A}.Debug|Any CPU.ActiveCfg = Debug|Any CPU
		{BA2914A4-7855-423B-9A40-5E3F82CF876A}.Debug|Any CPU.Build.0 = Debug|Any CPU
		{BA2914A4-7855-423B-9A40-5E3F82CF876A}.Debug|x64.ActiveCfg = Debug|Any CPU
		{BA2914A4-7855-423B-9A40-5E3F82CF876A}.Debug|x64.Build.0 = Debug|Any CPU
		{BA2914A4-7855-423B-9A40-5E3F82CF876A}.dev|Any CPU.ActiveCfg = Debug|Any CPU
		{BA2914A4-7855-423B-9A40-5E3F82CF876A}.dev|Any CPU.Build.0 = Debug|Any CPU
		{BA2914A4-7855-423B-9A40-5E3F82CF876A}.dev|x64.ActiveCfg = Debug|Any CPU
		{BA2914A4-7855-423B-9A40-5E3F82CF876A}.dev|x64.Build.0 = Debug|Any CPU
		{BA2914A4-7855-423B-9A40-5E3F82CF876A}.prod|Any CPU.ActiveCfg = Release|Any CPU
		{BA2914A4-7855-423B-9A40-5E3F82CF876A}.prod|Any CPU.Build.0 = Release|Any CPU
		{BA2914A4-7855-423B-9A40-5E3F82CF876A}.prod|x64.ActiveCfg = Release|Any CPU
		{BA2914A4-7855-423B-9A40-5E3F82CF876A}.prod|x64.Build.0 = Release|Any CPU
		{BA2914A4-7855-423B-9A40-5E3F82CF876A}.qa|Any CPU.ActiveCfg = Release|Any CPU
		{BA2914A4-7855-423B-9A40-5E3F82CF876A}.qa|Any CPU.Build.0 = Release|Any CPU
		{BA2914A4-7855-423B-9A40-5E3F82CF876A}.qa|x64.ActiveCfg = Release|Any CPU
		{BA2914A4-7855-423B-9A40-5E3F82CF876A}.qa|x64.Build.0 = Release|Any CPU
		{BA2914A4-7855-423B-9A40-5E3F82CF876A}.Release|Any CPU.ActiveCfg = Release|Any CPU
		{BA2914A4-7855-423B-9A40-5E3F82CF876A}.Release|Any CPU.Build.0 = Release|Any CPU
		{BA2914A4-7855-423B-9A40-5E3F82CF876A}.Release|x64.ActiveCfg = Release|Any CPU
		{BA2914A4-7855-423B-9A40-5E3F82CF876A}.Release|x64.Build.0 = Release|Any CPU
		{EB9283A9-A9B9-4342-8155-96B4DA943EFA}.Debug|Any CPU.ActiveCfg = Debug|Any CPU
		{EB9283A9-A9B9-4342-8155-96B4DA943EFA}.Debug|Any CPU.Build.0 = Debug|Any CPU
		{EB9283A9-A9B9-4342-8155-96B4DA943EFA}.Debug|x64.ActiveCfg = Debug|Any CPU
		{EB9283A9-A9B9-4342-8155-96B4DA943EFA}.Debug|x64.Build.0 = Debug|Any CPU
		{EB9283A9-A9B9-4342-8155-96B4DA943EFA}.dev|Any CPU.ActiveCfg = Debug|Any CPU
		{EB9283A9-A9B9-4342-8155-96B4DA943EFA}.dev|Any CPU.Build.0 = Debug|Any CPU
		{EB9283A9-A9B9-4342-8155-96B4DA943EFA}.dev|x64.ActiveCfg = Debug|Any CPU
		{EB9283A9-A9B9-4342-8155-96B4DA943EFA}.dev|x64.Build.0 = Debug|Any CPU
		{EB9283A9-A9B9-4342-8155-96B4DA943EFA}.prod|Any CPU.ActiveCfg = Release|Any CPU
		{EB9283A9-A9B9-4342-8155-96B4DA943EFA}.prod|Any CPU.Build.0 = Release|Any CPU
		{EB9283A9-A9B9-4342-8155-96B4DA943EFA}.prod|x64.ActiveCfg = Release|Any CPU
		{EB9283A9-A9B9-4342-8155-96B4DA943EFA}.prod|x64.Build.0 = Release|Any CPU
		{EB9283A9-A9B9-4342-8155-96B4DA943EFA}.qa|Any CPU.ActiveCfg = Release|Any CPU
		{EB9283A9-A9B9-4342-8155-96B4DA943EFA}.qa|Any CPU.Build.0 = Release|Any CPU
		{EB9283A9-A9B9-4342-8155-96B4DA943EFA}.qa|x64.ActiveCfg = Release|Any CPU
		{EB9283A9-A9B9-4342-8155-96B4DA943EFA}.qa|x64.Build.0 = Release|Any CPU
		{EB9283A9-A9B9-4342-8155-96B4DA943EFA}.Release|Any CPU.ActiveCfg = Release|Any CPU
		{EB9283A9-A9B9-4342-8155-96B4DA943EFA}.Release|Any CPU.Build.0 = Release|Any CPU
		{EB9283A9-A9B9-4342-8155-96B4DA943EFA}.Release|x64.ActiveCfg = Release|Any CPU
		{EB9283A9-A9B9-4342-8155-96B4DA943EFA}.Release|x64.Build.0 = Release|Any CPU
		{0AE672ED-9FAC-41D5-9752-559F1CB76D91}.Debug|Any CPU.ActiveCfg = Debug|Any CPU
		{0AE672ED-9FAC-41D5-9752-559F1CB76D91}.Debug|Any CPU.Build.0 = Debug|Any CPU
		{0AE672ED-9FAC-41D5-9752-559F1CB76D91}.Debug|x64.ActiveCfg = Debug|Any CPU
		{0AE672ED-9FAC-41D5-9752-559F1CB76D91}.Debug|x64.Build.0 = Debug|Any CPU
		{0AE672ED-9FAC-41D5-9752-559F1CB76D91}.dev|Any CPU.ActiveCfg = Debug|Any CPU
		{0AE672ED-9FAC-41D5-9752-559F1CB76D91}.dev|Any CPU.Build.0 = Debug|Any CPU
		{0AE672ED-9FAC-41D5-9752-559F1CB76D91}.dev|x64.ActiveCfg = Debug|Any CPU
		{0AE672ED-9FAC-41D5-9752-559F1CB76D91}.dev|x64.Build.0 = Debug|Any CPU
		{0AE672ED-9FAC-41D5-9752-559F1CB76D91}.prod|Any CPU.ActiveCfg = Release|Any CPU
		{0AE672ED-9FAC-41D5-9752-559F1CB76D91}.prod|Any CPU.Build.0 = Release|Any CPU
		{0AE672ED-9FAC-41D5-9752-559F1CB76D91}.prod|x64.ActiveCfg = Release|Any CPU
		{0AE672ED-9FAC-41D5-9752-559F1CB76D91}.prod|x64.Build.0 = Release|Any CPU
		{0AE672ED-9FAC-41D5-9752-559F1CB76D91}.qa|Any CPU.ActiveCfg = Release|Any CPU
		{0AE672ED-9FAC-41D5-9752-559F1CB76D91}.qa|Any CPU.Build.0 = Release|Any CPU
		{0AE672ED-9FAC-41D5-9752-559F1CB76D91}.qa|x64.ActiveCfg = Release|Any CPU
		{0AE672ED-9FAC-41D5-9752-559F1CB76D91}.qa|x64.Build.0 = Release|Any CPU
		{0AE672ED-9FAC-41D5-9752-559F1CB76D91}.Release|Any CPU.ActiveCfg = Release|Any CPU
		{0AE672ED-9FAC-41D5-9752-559F1CB76D91}.Release|Any CPU.Build.0 = Release|Any CPU
		{0AE672ED-9FAC-41D5-9752-559F1CB76D91}.Release|x64.ActiveCfg = Release|Any CPU
		{0AE672ED-9FAC-41D5-9752-559F1CB76D91}.Release|x64.Build.0 = Release|Any CPU
		{8B9139B6-6C88-4395-A8A9-76DC9B486E8F}.Debug|Any CPU.ActiveCfg = Debug|Any CPU
		{8B9139B6-6C88-4395-A8A9-76DC9B486E8F}.Debug|Any CPU.Build.0 = Debug|Any CPU
		{8B9139B6-6C88-4395-A8A9-76DC9B486E8F}.Debug|x64.ActiveCfg = Debug|Any CPU
		{8B9139B6-6C88-4395-A8A9-76DC9B486E8F}.Debug|x64.Build.0 = Debug|Any CPU
		{8B9139B6-6C88-4395-A8A9-76DC9B486E8F}.dev|Any CPU.ActiveCfg = Debug|Any CPU
		{8B9139B6-6C88-4395-A8A9-76DC9B486E8F}.dev|Any CPU.Build.0 = Debug|Any CPU
		{8B9139B6-6C88-4395-A8A9-76DC9B486E8F}.dev|x64.ActiveCfg = Debug|Any CPU
		{8B9139B6-6C88-4395-A8A9-76DC9B486E8F}.dev|x64.Build.0 = Debug|Any CPU
		{8B9139B6-6C88-4395-A8A9-76DC9B486E8F}.prod|Any CPU.ActiveCfg = Release|Any CPU
		{8B9139B6-6C88-4395-A8A9-76DC9B486E8F}.prod|Any CPU.Build.0 = Release|Any CPU
		{8B9139B6-6C88-4395-A8A9-76DC9B486E8F}.prod|x64.ActiveCfg = Release|Any CPU
		{8B9139B6-6C88-4395-A8A9-76DC9B486E8F}.prod|x64.Build.0 = Release|Any CPU
		{8B9139B6-6C88-4395-A8A9-76DC9B486E8F}.qa|Any CPU.ActiveCfg = Release|Any CPU
		{8B9139B6-6C88-4395-A8A9-76DC9B486E8F}.qa|Any CPU.Build.0 = Release|Any CPU
		{8B9139B6-6C88-4395-A8A9-76DC9B486E8F}.qa|x64.ActiveCfg = Release|Any CPU
		{8B9139B6-6C88-4395-A8A9-76DC9B486E8F}.qa|x64.Build.0 = Release|Any CPU
		{8B9139B6-6C88-4395-A8A9-76DC9B486E8F}.Release|Any CPU.ActiveCfg = Release|Any CPU
		{8B9139B6-6C88-4395-A8A9-76DC9B486E8F}.Release|Any CPU.Build.0 = Release|Any CPU
		{8B9139B6-6C88-4395-A8A9-76DC9B486E8F}.Release|x64.ActiveCfg = Release|Any CPU
		{8B9139B6-6C88-4395-A8A9-76DC9B486E8F}.Release|x64.Build.0 = Release|Any CPU
		{DE555DD7-86D7-4D26-AD70-3E4286549769}.Debug|Any CPU.ActiveCfg = Debug|Any CPU
		{DE555DD7-86D7-4D26-AD70-3E4286549769}.Debug|Any CPU.Build.0 = Debug|Any CPU
		{DE555DD7-86D7-4D26-AD70-3E4286549769}.Debug|x64.ActiveCfg = Debug|Any CPU
		{DE555DD7-86D7-4D26-AD70-3E4286549769}.Debug|x64.Build.0 = Debug|Any CPU
		{DE555DD7-86D7-4D26-AD70-3E4286549769}.dev|Any CPU.ActiveCfg = Debug|Any CPU
		{DE555DD7-86D7-4D26-AD70-3E4286549769}.dev|Any CPU.Build.0 = Debug|Any CPU
		{DE555DD7-86D7-4D26-AD70-3E4286549769}.dev|x64.ActiveCfg = Debug|Any CPU
		{DE555DD7-86D7-4D26-AD70-3E4286549769}.dev|x64.Build.0 = Debug|Any CPU
		{DE555DD7-86D7-4D26-AD70-3E4286549769}.prod|Any CPU.ActiveCfg = Release|Any CPU
		{DE555DD7-86D7-4D26-AD70-3E4286549769}.prod|Any CPU.Build.0 = Release|Any CPU
		{DE555DD7-86D7-4D26-AD70-3E4286549769}.prod|x64.ActiveCfg = Release|Any CPU
		{DE555DD7-86D7-4D26-AD70-3E4286549769}.prod|x64.Build.0 = Release|Any CPU
		{DE555DD7-86D7-4D26-AD70-3E4286549769}.qa|Any CPU.ActiveCfg = Release|Any CPU
		{DE555DD7-86D7-4D26-AD70-3E4286549769}.qa|Any CPU.Build.0 = Release|Any CPU
		{DE555DD7-86D7-4D26-AD70-3E4286549769}.qa|x64.ActiveCfg = Release|Any CPU
		{DE555DD7-86D7-4D26-AD70-3E4286549769}.qa|x64.Build.0 = Release|Any CPU
		{DE555DD7-86D7-4D26-AD70-3E4286549769}.Release|Any CPU.ActiveCfg = Release|Any CPU
		{DE555DD7-86D7-4D26-AD70-3E4286549769}.Release|Any CPU.Build.0 = Release|Any CPU
		{DE555DD7-86D7-4D26-AD70-3E4286549769}.Release|x64.ActiveCfg = Release|Any CPU
		{DE555DD7-86D7-4D26-AD70-3E4286549769}.Release|x64.Build.0 = Release|Any CPU
		{5D16269A-D0AB-45EC-B258-B70CD89E3778}.Debug|Any CPU.ActiveCfg = Debug|Any CPU
		{5D16269A-D0AB-45EC-B258-B70CD89E3778}.Debug|Any CPU.Build.0 = Debug|Any CPU
		{5D16269A-D0AB-45EC-B258-B70CD89E3778}.Debug|x64.ActiveCfg = Debug|Any CPU
		{5D16269A-D0AB-45EC-B258-B70CD89E3778}.Debug|x64.Build.0 = Debug|Any CPU
		{5D16269A-D0AB-45EC-B258-B70CD89E3778}.dev|Any CPU.ActiveCfg = Debug|Any CPU
		{5D16269A-D0AB-45EC-B258-B70CD89E3778}.dev|Any CPU.Build.0 = Debug|Any CPU
		{5D16269A-D0AB-45EC-B258-B70CD89E3778}.dev|x64.ActiveCfg = Debug|Any CPU
		{5D16269A-D0AB-45EC-B258-B70CD89E3778}.dev|x64.Build.0 = Debug|Any CPU
		{5D16269A-D0AB-45EC-B258-B70CD89E3778}.prod|Any CPU.ActiveCfg = Release|Any CPU
		{5D16269A-D0AB-45EC-B258-B70CD89E3778}.prod|Any CPU.Build.0 = Release|Any CPU
		{5D16269A-D0AB-45EC-B258-B70CD89E3778}.prod|x64.ActiveCfg = Release|Any CPU
		{5D16269A-D0AB-45EC-B258-B70CD89E3778}.prod|x64.Build.0 = Release|Any CPU
		{5D16269A-D0AB-45EC-B258-B70CD89E3778}.qa|Any CPU.ActiveCfg = Release|Any CPU
		{5D16269A-D0AB-45EC-B258-B70CD89E3778}.qa|Any CPU.Build.0 = Release|Any CPU
		{5D16269A-D0AB-45EC-B258-B70CD89E3778}.qa|x64.ActiveCfg = Release|Any CPU
		{5D16269A-D0AB-45EC-B258-B70CD89E3778}.qa|x64.Build.0 = Release|Any CPU
		{5D16269A-D0AB-45EC-B258-B70CD89E3778}.Release|Any CPU.ActiveCfg = Release|Any CPU
		{5D16269A-D0AB-45EC-B258-B70CD89E3778}.Release|Any CPU.Build.0 = Release|Any CPU
		{5D16269A-D0AB-45EC-B258-B70CD89E3778}.Release|x64.ActiveCfg = Release|Any CPU
		{5D16269A-D0AB-45EC-B258-B70CD89E3778}.Release|x64.Build.0 = Release|Any CPU
		{C5A45929-C9EC-4F85-BCDD-637695654CBC}.Debug|Any CPU.ActiveCfg = Debug|Any CPU
		{C5A45929-C9EC-4F85-BCDD-637695654CBC}.Debug|Any CPU.Build.0 = Debug|Any CPU
		{C5A45929-C9EC-4F85-BCDD-637695654CBC}.Debug|x64.ActiveCfg = Debug|Any CPU
		{C5A45929-C9EC-4F85-BCDD-637695654CBC}.Debug|x64.Build.0 = Debug|Any CPU
		{C5A45929-C9EC-4F85-BCDD-637695654CBC}.dev|Any CPU.ActiveCfg = Debug|Any CPU
		{C5A45929-C9EC-4F85-BCDD-637695654CBC}.dev|Any CPU.Build.0 = Debug|Any CPU
		{C5A45929-C9EC-4F85-BCDD-637695654CBC}.dev|x64.ActiveCfg = Debug|Any CPU
		{C5A45929-C9EC-4F85-BCDD-637695654CBC}.dev|x64.Build.0 = Debug|Any CPU
		{C5A45929-C9EC-4F85-BCDD-637695654CBC}.prod|Any CPU.ActiveCfg = Release|Any CPU
		{C5A45929-C9EC-4F85-BCDD-637695654CBC}.prod|Any CPU.Build.0 = Release|Any CPU
		{C5A45929-C9EC-4F85-BCDD-637695654CBC}.prod|x64.ActiveCfg = Release|Any CPU
		{C5A45929-C9EC-4F85-BCDD-637695654CBC}.prod|x64.Build.0 = Release|Any CPU
		{C5A45929-C9EC-4F85-BCDD-637695654CBC}.qa|Any CPU.ActiveCfg = Release|Any CPU
		{C5A45929-C9EC-4F85-BCDD-637695654CBC}.qa|Any CPU.Build.0 = Release|Any CPU
		{C5A45929-C9EC-4F85-BCDD-637695654CBC}.qa|x64.ActiveCfg = Release|Any CPU
		{C5A45929-C9EC-4F85-BCDD-637695654CBC}.qa|x64.Build.0 = Release|Any CPU
		{C5A45929-C9EC-4F85-BCDD-637695654CBC}.Release|Any CPU.ActiveCfg = Release|Any CPU
		{C5A45929-C9EC-4F85-BCDD-637695654CBC}.Release|Any CPU.Build.0 = Release|Any CPU
		{C5A45929-C9EC-4F85-BCDD-637695654CBC}.Release|x64.ActiveCfg = Release|Any CPU
		{C5A45929-C9EC-4F85-BCDD-637695654CBC}.Release|x64.Build.0 = Release|Any CPU
		{D6FEEA1B-213B-4D49-805C-AA4357CE34DA}.Debug|Any CPU.ActiveCfg = Debug|Any CPU
		{D6FEEA1B-213B-4D49-805C-AA4357CE34DA}.Debug|Any CPU.Build.0 = Debug|Any CPU
		{D6FEEA1B-213B-4D49-805C-AA4357CE34DA}.Debug|x64.ActiveCfg = Debug|Any CPU
		{D6FEEA1B-213B-4D49-805C-AA4357CE34DA}.Debug|x64.Build.0 = Debug|Any CPU
		{D6FEEA1B-213B-4D49-805C-AA4357CE34DA}.dev|Any CPU.ActiveCfg = Debug|Any CPU
		{D6FEEA1B-213B-4D49-805C-AA4357CE34DA}.dev|Any CPU.Build.0 = Debug|Any CPU
		{D6FEEA1B-213B-4D49-805C-AA4357CE34DA}.dev|x64.ActiveCfg = Debug|Any CPU
		{D6FEEA1B-213B-4D49-805C-AA4357CE34DA}.dev|x64.Build.0 = Debug|Any CPU
		{D6FEEA1B-213B-4D49-805C-AA4357CE34DA}.prod|Any CPU.ActiveCfg = Release|Any CPU
		{D6FEEA1B-213B-4D49-805C-AA4357CE34DA}.prod|Any CPU.Build.0 = Release|Any CPU
		{D6FEEA1B-213B-4D49-805C-AA4357CE34DA}.prod|x64.ActiveCfg = Release|Any CPU
		{D6FEEA1B-213B-4D49-805C-AA4357CE34DA}.prod|x64.Build.0 = Release|Any CPU
		{D6FEEA1B-213B-4D49-805C-AA4357CE34DA}.qa|Any CPU.ActiveCfg = Release|Any CPU
		{D6FEEA1B-213B-4D49-805C-AA4357CE34DA}.qa|Any CPU.Build.0 = Release|Any CPU
		{D6FEEA1B-213B-4D49-805C-AA4357CE34DA}.qa|x64.ActiveCfg = Release|Any CPU
		{D6FEEA1B-213B-4D49-805C-AA4357CE34DA}.qa|x64.Build.0 = Release|Any CPU
		{D6FEEA1B-213B-4D49-805C-AA4357CE34DA}.Release|Any CPU.ActiveCfg = Release|Any CPU
		{D6FEEA1B-213B-4D49-805C-AA4357CE34DA}.Release|Any CPU.Build.0 = Release|Any CPU
		{D6FEEA1B-213B-4D49-805C-AA4357CE34DA}.Release|x64.ActiveCfg = Release|Any CPU
		{D6FEEA1B-213B-4D49-805C-AA4357CE34DA}.Release|x64.Build.0 = Release|Any CPU
	EndGlobalSection
	GlobalSection(SolutionProperties) = preSolution
		HideSolutionNode = FALSE
	EndGlobalSection
	GlobalSection(NestedProjects) = preSolution
		{15B3E0D2-6217-493A-A690-158C497F5318} = {DB5D6F6D-6665-4877-843D-141532F5C6D1}
		{12DB9FBB-C867-4527-A63B-ABF9223B3325} = {DB5D6F6D-6665-4877-843D-141532F5C6D1}
		{35984C47-4F54-466E-9563-00F36FC44EF4} = {C3096F95-4273-4978-B038-2CB02FBD13AF}
		{A4C3D44E-138F-466B-B065-41A8FEF9BDF0} = {C3096F95-4273-4978-B038-2CB02FBD13AF}
		{EBD4AE9A-D6A4-4ED6-8CBA-7D97F6D4DE5D} = {C3096F95-4273-4978-B038-2CB02FBD13AF}
		{D3A0E4E1-B2FB-40A4-A5FA-331CA8C339C5} = {528A0B3C-D4C2-457B-8CC5-F1E471D3E07D}
		{D591549D-C86A-4923-89A6-FF7E94F70948} = {286CD7B5-D898-4AF4-9191-147A749C751C}
		{B7A807F8-4589-4938-B4F9-A4665C6B026C} = {286CD7B5-D898-4AF4-9191-147A749C751C}
		{9F024CE0-9CA5-49BF-9990-4FDD0397740D} = {9922C88B-5EF8-4AD7-8748-300C3BA08BB7}
		{C44FE652-B5DB-4B58-83F1-13C4178D9AF1} = {9922C88B-5EF8-4AD7-8748-300C3BA08BB7}
		{7AF6D328-3F68-446B-9B9C-A455DB5163EB} = {DB5D6F6D-6665-4877-843D-141532F5C6D1}
		{AC672AD1-91D9-499D-BD72-A9CC7947CFFC} = {C3096F95-4273-4978-B038-2CB02FBD13AF}
		{7D7FACCE-6CB0-4731-A22F-9322A1D259BB} = {9BE2F08C-C899-4E36-85EE-6363E692707E}
		{CE5F9862-C058-44DE-998F-A510753DFCB5} = {9922C88B-5EF8-4AD7-8748-300C3BA08BB7}
		{971D53BD-3257-4189-B01E-D41E85868E36} = {DB5D6F6D-6665-4877-843D-141532F5C6D1}
		{CFDE305A-82F1-41CF-86A8-530C2573DE72} = {DB5D6F6D-6665-4877-843D-141532F5C6D1}
		{4E9738A8-E8B3-47DA-9BB9-122E6B81349A} = {DB5D6F6D-6665-4877-843D-141532F5C6D1}
		{223B4AB6-8BE8-4F5F-B20C-6B6A0093F1A4} = {528A0B3C-D4C2-457B-8CC5-F1E471D3E07D}
		{B757CD44-EDF5-441D-8A0F-553796AB2F5D} = {528A0B3C-D4C2-457B-8CC5-F1E471D3E07D}
		{65D1643F-C8C4-4635-9FB2-71F15B85A6A6} = {9922C88B-5EF8-4AD7-8748-300C3BA08BB7}
		{59090CE4-9F3B-44D5-8524-E4107E49F96E} = {528A0B3C-D4C2-457B-8CC5-F1E471D3E07D}
		{49C859D5-D9F8-4AD9-8F79-0D92C43447F0} = {DB5D6F6D-6665-4877-843D-141532F5C6D1}
		{02523E07-C86E-4D40-8F56-2078DD7D4A83} = {C3096F95-4273-4978-B038-2CB02FBD13AF}
		{BA2914A4-7855-423B-9A40-5E3F82CF876A} = {9922C88B-5EF8-4AD7-8748-300C3BA08BB7}
		{EB9283A9-A9B9-4342-8155-96B4DA943EFA} = {DB5D6F6D-6665-4877-843D-141532F5C6D1}
		{0AE672ED-9FAC-41D5-9752-559F1CB76D91} = {DB5D6F6D-6665-4877-843D-141532F5C6D1}
		{8B9139B6-6C88-4395-A8A9-76DC9B486E8F} = {C3096F95-4273-4978-B038-2CB02FBD13AF}
		{DE555DD7-86D7-4D26-AD70-3E4286549769} = {DB5D6F6D-6665-4877-843D-141532F5C6D1}
		{5D16269A-D0AB-45EC-B258-B70CD89E3778} = {DB5D6F6D-6665-4877-843D-141532F5C6D1}
	EndGlobalSection
	GlobalSection(ExtensibilityGlobals) = postSolution
		SolutionGuid = {F7007E75-B26D-4AFF-8CBF-5AC6A64FD486}
	EndGlobalSection
	GlobalSection(TeamFoundationVersionControl) = preSolution
		SccNumberOfProjects = 32
		SccEnterpriseProvider = {4CA58AB2-18FA-4F8D-95D4-32DDF27D184C}
		SccTeamFoundationServer = SccTeamFoundationServerPath
		SccLocalPath0 = .
		SccProjectUniqueName1 = ApplicationHttpModule\\ApplicationHttpModule.csproj
		SccProjectTopLevelParentUniqueName1 = WorkflowExecutionManager.sln
		SccProjectName1 = ApplicationHttpModule
		SccLocalPath1 = ApplicationHttpModule
		SccProjectUniqueName2 = WEM.Host\\WEM.Host.csproj
		SccProjectName2 = WEM.Host
		SccLocalPath2 = WEM.Host
		SccProjectUniqueName3 = WEM.Contracts\\WEM.Contracts.csproj
		SccProjectTopLevelParentUniqueName3 = WorkflowExecutionManager.sln
		SccProjectName3 = WEM.Contracts
		SccLocalPath3 = WEM.Contracts
		SccProjectUniqueName4 = WEM.ServiceImplementation\\WEM.ServiceImplementation.csproj
		SccProjectTopLevelParentUniqueName4 = WorkflowExecutionManager.sln
		SccProjectName4 = WEM.ServiceImplementation
		SccLocalPath4 = WEM.ServiceImplementation
		SccProjectUniqueName5 = WEM.DataEntity\\WEM.DataEntity.csproj
		SccProjectTopLevelParentUniqueName5 = WorkflowExecutionManager.sln
		SccProjectName5 = WEM.DataEntity
		SccLocalPath5 = WEM.DataEntity
		SccProjectUniqueName6 = WEM.DataAccess\\WEM.DataAccess.csproj
		SccProjectTopLevelParentUniqueName6 = WorkflowExecutionManager.sln
		SccProjectName6 = WEM.DataAccess
		SccLocalPath6 = WEM.DataAccess
		SccProjectUniqueName7 = WEM.IDataAccess\\WEM.IDataAccess.csproj
		SccProjectTopLevelParentUniqueName7 = WorkflowExecutionManager.sln
		SccProjectName7 = WEM.IDataAccess
		SccLocalPath7 = WEM.IDataAccess
		SccProjectUniqueName8 = WEM.UnitTests\\WEM.UnitTests.csproj
		SccProjectTopLevelParentUniqueName8 = WorkflowExecutionManager.sln
		SccProjectName8 = WEM.UnitTests
		SccLocalPath8 = WEM.UnitTests
		SccProjectUniqueName9 = WEM.BusinessEntity\\WEM.BusinessEntity.csproj
		SccProjectTopLevelParentUniqueName9 = WorkflowExecutionManager.sln
		SccProjectName9 = WEM.BusinessEntity
		SccLocalPath9 = WEM.BusinessEntity
		SccProjectUniqueName10 = WEM.BusinessComponent\\WEM.BusinessComponent.csproj
		SccProjectTopLevelParentUniqueName10 = WorkflowExecutionManager.sln
		SccProjectName10 = WEM.BusinessComponent
		SccLocalPath10 = WEM.BusinessComponent
		SccProjectUniqueName11 = Common\\Common.csproj
		SccProjectTopLevelParentUniqueName11 = WorkflowExecutionManager.sln
		SccProjectName11 = Common
		SccLocalPath11 = Common
		SccProjectUniqueName12 = WEM.Scripts.Contracts\\WEM.Scripts.Contracts.csproj
		SccProjectTopLevelParentUniqueName12 = WorkflowExecutionManager.sln
		SccProjectName12 = WEM.Scripts.Contracts
		SccLocalPath12 = WEM.Scripts.Contracts
		SccProjectUniqueName13 = WEM.Scripts.DataAccess\\WEM.Scripts.DataAccess.csproj
		SccProjectTopLevelParentUniqueName13 = WorkflowExecutionManager.sln
		SccProjectName13 = WEM.Scripts.DataAccess
		SccLocalPath13 = WEM.Scripts.DataAccess
		SccProjectUniqueName14 = Compress_DeCompress\\Compress_DeCompress.csproj
		SccProjectTopLevelParentUniqueName14 = WorkflowExecutionManager.sln
		SccProjectName14 = Compress_DeCompress
		SccLocalPath14 = Compress_DeCompress
		SccProjectUniqueName15 = WEM.SecurityAccess.Contracts\\WEM.SecurityAccess.Contracts.csproj
		SccProjectTopLevelParentUniqueName15 = WorkflowExecutionManager.sln
		SccProjectName15 = WEM.SecurityAccess.Contracts
		SccLocalPath15 = WEM.SecurityAccess.Contracts
		SccProjectUniqueName16 = WEM.Common.Contracts\\WEM.Common.Contracts.csproj
		SccProjectTopLevelParentUniqueName16 = WorkflowExecutionManager.sln
		SccProjectName16 = WEM.Common.Contracts
		SccLocalPath16 = WEM.Common.Contracts
		SccProjectUniqueName17 = WEM.Node.Contracts\\WEM.Node.Contracts.csproj
		SccProjectTopLevelParentUniqueName17 = WorkflowExecutionManager.sln
		SccProjectName17 = WEM.Node.Contracts
		SccLocalPath17 = WEM.Node.Contracts
		SccProjectUniqueName18 = TestLog4NetLogging\\TestLog4NetLogging.csproj
		SccProjectTopLevelParentUniqueName18 = WorkflowExecutionManager.sln
		SccProjectName18 = TestLog4NetLogging
		SccLocalPath18 = TestLog4NetLogging
		SccProjectUniqueName19 = TestCustomTraceListener\\TestCustomTraceListener.csproj
		SccProjectTopLevelParentUniqueName19 = WorkflowExecutionManager.sln
		SccProjectName19 = TestCustomTraceListener
		SccLocalPath19 = TestCustomTraceListener
		SccProjectUniqueName20 = SecurityCore\\SecurityCore.csproj
		SccProjectTopLevelParentUniqueName20 = WorkflowExecutionManager.sln
		SccProjectName20 = SecurityCore
		SccLocalPath20 = SecurityCore
		SccProjectUniqueName21 = TestSecureHandler\\TestSecureHandler.csproj
		SccProjectTopLevelParentUniqueName21 = WorkflowExecutionManager.sln
		SccProjectName21 = TestSecureHandler
		SccLocalPath21 = TestSecureHandler
		SccProjectUniqueName22 = WEM.Search.Contracts\\WEM.Search.Contracts.csproj
		SccProjectTopLevelParentUniqueName22 = WorkflowExecutionManager.sln
		SccProjectName22 = WEM.Search.Contracts
		SccLocalPath22 = WEM.Search.Contracts
		SccProjectUniqueName23 = WEM.Search.DataAccess\\WEM.Search.DataAccess.csproj
		SccProjectTopLevelParentUniqueName23 = WorkflowExecutionManager.sln
		SccProjectName23 = WEM.Search.DataAccess
		SccLocalPath23 = WEM.Search.DataAccess
		SccProjectUniqueName24 = NiaRestClient\\NiaRestClient.csproj
		SccProjectTopLevelParentUniqueName24 = WorkflowExecutionManager.sln
		SccProjectName24 = NiaRestClient
		SccLocalPath24 = NiaRestClient
		SccProjectUniqueName25 = WEM.Export.Contracts\\WEM.Export.Contracts.csproj
		SccProjectTopLevelParentUniqueName25 = WorkflowExecutionManager.sln
		SccProjectName25 = WEM.Export.Contracts
		SccLocalPath25 = WEM.Export.Contracts
		SccProjectUniqueName26 = WEM.Nia.Contracts\\WEM.Nia.Contracts.csproj
		SccProjectTopLevelParentUniqueName26 = WorkflowExecutionManager.sln
		SccProjectName26 = WEM.Nia.Contracts
		SccLocalPath26 = WEM.Nia.Contracts
		SccProjectUniqueName27 = WEM.Export.DataAccess\\WEM.Export.DataAccess.csproj
		SccProjectTopLevelParentUniqueName27 = WorkflowExecutionManager.sln
		SccProjectName27 = WEM.Export.DataAccess
		SccLocalPath27 = WEM.Export.DataAccess
		SccProjectUniqueName28 = WEM.AutomationTracker.Contracts\\WEM.AutomationTracker.Contracts.csproj
		SccProjectTopLevelParentUniqueName28 = WorkflowExecutionManager.sln
		SccProjectName28 = WEM.AutomationTracker.Contracts
		SccLocalPath28 = WEM.AutomationTracker.Contracts
		SccProjectUniqueName29 = WEM.Observer.Contracts\\WEM.Observer.Contracts.csproj
		SccProjectTopLevelParentUniqueName29 = WorkflowExecutionManager.sln
		SccProjectName29 = WEM.Observer.Contracts
		SccLocalPath29 = WEM.Observer.Contracts
		SccProjectUniqueName30 = WEM.Host.WindowsService\\WEM.Host.WindowsService.csproj
		SccProjectName30 = WEM.Host.WindowsService
		SccLocalPath30 = WEM.Host.WindowsService
		SccProjectUniqueName31 = WEM.Host.ConsoleApp\\WEM.Host.ConsoleApp.csproj
		SccProjectName31 = WEM.Host.ConsoleApp
		SccLocalPath31 = WEM.Host.ConsoleApp
	EndGlobalSection
EndGlobal
